
Microsoft Visual Studio Solution File, Format Version 12.00
# Visual Studio Version 16
VisualStudioVersion = 16.0.31727.386
MinimumVisualStudioVersion = 10.0.40219.1
Project("{9A19103F-16F7-4668-BE54-9A1E7A4F7556}") = "SimpleAPI", "SimpleAPI\SimpleAPI.csproj", "{D29B3F54-2193-436A-9829-5CCFB4DCDE08}"
EndProject
Project("{9A19103F-16F7-4668-BE54-9A1E7A4F7556}") = "API.Tests", "SimpleAPI.Test\API.Tests.csproj", "{BDC4B62D-1358-45E0-8315-C25A75C970E7}"
EndProject
Project("{2150E333-8FDC-42A3-9474-1A3956D46DE8}") = "CI", "CI", "{64729CAA-03E9-444A-970D-72CCBA343C8C}"
	ProjectSection(SolutionItems) = preProject
		.github\workflows\ci.yml = .github\workflows\ci.yml
	EndProjectSection
EndProject
Project("{2150E333-8FDC-42A3-9474-1A3956D46DE8}") = "Assets", "Assets", "{E478B334-AD78-43A3-A1D3-2DEAA9569588}"
	ProjectSection(SolutionItems) = preProject
		README.md = README.md
	EndProjectSection
EndProject
Project("{9A19103F-16F7-4668-BE54-9A1E7A4F7556}") = "ShoppingCartAPI", "ShoppingCartAPI\ShoppingCartAPI.csproj", "{98A90BBB-20ED-4AD5-923E-F12C3F5BFE77}"
EndProject
Project("{FAE04EC0-301F-11D3-BF4B-00C04F79EFBC}") = "LoyaltyProgramService", "LoyaltyProgramService\LoyaltyProgramService.csproj", "{A06F2A32-5928-45B5-BCEC-4620F1AB7F83}"
EndProject
Global
	GlobalSection(SolutionConfigurationPlatforms) = preSolution
		Debug|Any CPU = Debug|Any CPU
		Release|Any CPU = Release|Any CPU
	EndGlobalSection
	GlobalSection(ProjectConfigurationPlatforms) = postSolution
		{D29B3F54-2193-436A-9829-5CCFB4DCDE08}.Debug|Any CPU.ActiveCfg = Debug|Any CPU
		{D29B3F54-2193-436A-9829-5CCFB4DCDE08}.Debug|Any CPU.Build.0 = Debug|Any CPU
		{D29B3F54-2193-436A-9829-5CCFB4DCDE08}.Release|Any CPU.ActiveCfg = Release|Any CPU
		{D29B3F54-2193-436A-9829-5CCFB4DCDE08}.Release|Any CPU.Build.0 = Release|Any CPU
		{BDC4B62D-1358-45E0-8315-C25A75C970E7}.Debug|Any CPU.ActiveCfg = Debug|Any CPU
		{BDC4B62D-1358-45E0-8315-C25A75C970E7}.Debug|Any CPU.Build.0 = Debug|Any CPU
		{BDC4B62D-1358-45E0-8315-C25A75C970E7}.Release|Any CPU.ActiveCfg = Release|Any CPU
		{BDC4B62D-1358-45E0-8315-C25A75C970E7}.Release|Any CPU.Build.0 = Release|Any CPU
		{98A90BBB-20ED-4AD5-923E-F12C3F5BFE77}.Debug|Any CPU.ActiveCfg = Debug|Any CPU
		{98A90BBB-20ED-4AD5-923E-F12C3F5BFE77}.Debug|Any CPU.Build.0 = Debug|Any CPU
		{98A90BBB-20ED-4AD5-923E-F12C3F5BFE77}.Release|Any CPU.ActiveCfg = Release|Any CPU
		{98A90BBB-20ED-4AD5-923E-F12C3F5BFE77}.Release|Any CPU.Build.0 = Release|Any CPU
		{A06F2A32-5928-45B5-BCEC-4620F1AB7F83}.Debug|Any CPU.ActiveCfg = Debug|Any CPU
		{A06F2A32-5928-45B5-BCEC-4620F1AB7F83}.Debug|Any CPU.Build.0 = Debug|Any CPU
		{A06F2A32-5928-45B5-BCEC-4620F1AB7F83}.Release|Any CPU.ActiveCfg = Release|Any CPU
		{A06F2A32-5928-45B5-BCEC-4620F1AB7F83}.Release|Any CPU.Build.0 = Release|Any CPU
	EndGlobalSection
	GlobalSection(SolutionProperties) = preSolution
		HideSolutionNode = FALSE
	EndGlobalSection
	GlobalSection(ExtensibilityGlobals) = postSolution
		SolutionGuid = {632A2264-9C61-4274-BFA9-CD39DED61EF4}
	EndGlobalSection
EndGlobal
